
Microsoft Visual Studio Solution File, Format Version 12.00
# Visual Studio Version 17
VisualStudioVersion = 17.8.34330.188
MinimumVisualStudioVersion = 10.0.40219.1
Project("{8BC9CEB8-8B4A-11D0-8D11-00A0C91BC942}") = "main", "CppProjectsDevStyleR\CppProjectsDevStyleR.vcxproj", "{CE16CB4A-5255-475E-81FA-DD391CDFDE34}"
EndProject
Project("{2150E333-8FDC-42A3-9474-1A3956D46DE8}") = "main", "main", "{754AEE1D-3438-4679-891C-C1A71CDA4D37}"
EndProject
Project("{2150E333-8FDC-42A3-9474-1A3956D46DE8}") = "Task2BankAccount", "Task2BankAccount", "{BE818D27-CB4D-4178-A89E-0E44BE0BF093}"
EndProject
Project("{8BC9CEB8-8B4A-11D0-8D11-00A0C91BC942}") = "BankAccount", "BankAccount\BankAccount.vcxproj", "{AF4E4500-0F1F-442B-A237-B89CD6DB7198}"
EndProject
Project("{2150E333-8FDC-42A3-9474-1A3956D46DE8}") = "Task3School", "Task3School", "{78C66649-8253-4D1B-8142-2C3697EC7210}"
EndProject
Project("{8BC9CEB8-8B4A-11D0-8D11-00A0C91BC942}") = "School", "School\School.vcxproj", "{2F5799E0-31E8-4A7C-B830-F297F78CCE91}"
EndProject
Project("{8BC9CEB8-8B4A-11D0-8D11-00A0C91BC942}") = "BookCatalog", "BookCatalog\BookCatalog.vcxproj", "{B04A1EAA-69D5-4984-9EAD-BE7AF13AF100}"
EndProject
Project("{2150E333-8FDC-42A3-9474-1A3956D46DE8}") = "Task1Book", "Task1Book", "{3C8CD669-2399-4C05-8FE5-7282C94B541F}"
EndProject
Project("{8BC9CEB8-8B4A-11D0-8D11-00A0C91BC942}") = "Cinema", "Cinema\Cinema.vcxproj", "{01FA0381-CE04-4715-A616-CF09B0CDE0FE}"
EndProject
Project("{2150E333-8FDC-42A3-9474-1A3956D46DE8}") = "Task4Cinema", "Task4Cinema", "{67ED34AE-1A6B-4F3F-8D10-61C5A0EDE7FA}"
EndProject
Global
	GlobalSection(SolutionConfigurationPlatforms) = preSolution
		Debug|x64 = Debug|x64
		Debug|x86 = Debug|x86
		Release|x64 = Release|x64
		Release|x86 = Release|x86
	EndGlobalSection
	GlobalSection(ProjectConfigurationPlatforms) = postSolution
		{CE16CB4A-5255-475E-81FA-DD391CDFDE34}.Debug|x64.ActiveCfg = Debug|x64
		{CE16CB4A-5255-475E-81FA-DD391CDFDE34}.Debug|x64.Build.0 = Debug|x64
		{CE16CB4A-5255-475E-81FA-DD391CDFDE34}.Debug|x86.ActiveCfg = Debug|Win32
		{CE16CB4A-5255-475E-81FA-DD391CDFDE34}.Debug|x86.Build.0 = Debug|Win32
		{CE16CB4A-5255-475E-81FA-DD391CDFDE34}.Release|x64.ActiveCfg = Release|x64
		{CE16CB4A-5255-475E-81FA-DD391CDFDE34}.Release|x64.Build.0 = Release|x64
		{CE16CB4A-5255-475E-81FA-DD391CDFDE34}.Release|x86.ActiveCfg = Release|Win32
		{CE16CB4A-5255-475E-81FA-DD391CDFDE34}.Release|x86.Build.0 = Release|Win32
		{AF4E4500-0F1F-442B-A237-B89CD6DB7198}.Debug|x64.ActiveCfg = Debug|x64
		{AF4E4500-0F1F-442B-A237-B89CD6DB7198}.Debug|x64.Build.0 = Debug|x64
		{AF4E4500-0F1F-442B-A237-B89CD6DB7198}.Debug|x86.ActiveCfg = Debug|Win32
		{AF4E4500-0F1F-442B-A237-B89CD6DB7198}.Debug|x86.Build.0 = Debug|Win32
		{AF4E4500-0F1F-442B-A237-B89CD6DB7198}.Release|x64.ActiveCfg = Release|x64
		{AF4E4500-0F1F-442B-A237-B89CD6DB7198}.Release|x64.Build.0 = Release|x64
		{AF4E4500-0F1F-442B-A237-B89CD6DB7198}.Release|x86.ActiveCfg = Release|Win32
		{AF4E4500-0F1F-442B-A237-B89CD6DB7198}.Release|x86.Build.0 = Release|Win32
		{2F5799E0-31E8-4A7C-B830-F297F78CCE91}.Debug|x64.ActiveCfg = Debug|x64
		{2F5799E0-31E8-4A7C-B830-F297F78CCE91}.Debug|x64.Build.0 = Debug|x64
		{2F5799E0-31E8-4A7C-B830-F297F78CCE91}.Debug|x86.ActiveCfg = Debug|Win32
		{2F5799E0-31E8-4A7C-B830-F297F78CCE91}.Debug|x86.Build.0 = Debug|Win32
		{2F5799E0-31E8-4A7C-B830-F297F78CCE91}.Release|x64.ActiveCfg = Release|x64
		{2F5799E0-31E8-4A7C-B830-F297F78CCE91}.Release|x64.Build.0 = Release|x64
		{2F5799E0-31E8-4A7C-B830-F297F78CCE91}.Release|x86.ActiveCfg = Release|Win32
		{2F5799E0-31E8-4A7C-B830-F297F78CCE91}.Release|x86.Build.0 = Release|Win32
		{B04A1EAA-69D5-4984-9EAD-BE7AF13AF100}.Debug|x64.ActiveCfg = Debug|x64
		{B04A1EAA-69D5-4984-9EAD-BE7AF13AF100}.Debug|x64.Build.0 = Debug|x64
		{B04A1EAA-69D5-4984-9EAD-BE7AF13AF100}.Debug|x86.ActiveCfg = Debug|Win32
		{B04A1EAA-69D5-4984-9EAD-BE7AF13AF100}.Debug|x86.Build.0 = Debug|Win32
		{B04A1EAA-69D5-4984-9EAD-BE7AF13AF100}.Release|x64.ActiveCfg = Release|x64
		{B04A1EAA-69D5-4984-9EAD-BE7AF13AF100}.Release|x64.Build.0 = Release|x64
		{B04A1EAA-69D5-4984-9EAD-BE7AF13AF100}.Release|x86.ActiveCfg = Release|Win32
		{B04A1EAA-69D5-4984-9EAD-BE7AF13AF100}.Release|x86.Build.0 = Release|Win32
		{01FA0381-CE04-4715-A616-CF09B0CDE0FE}.Debug|x64.ActiveCfg = Debug|x64
		{01FA0381-CE04-4715-A616-CF09B0CDE0FE}.Debug|x64.Build.0 = Debug|x64
		{01FA0381-CE04-4715-A616-CF09B0CDE0FE}.Debug|x86.ActiveCfg = Debug|Win32
		{01FA0381-CE04-4715-A616-CF09B0CDE0FE}.Debug|x86.Build.0 = Debug|Win32
		{01FA0381-CE04-4715-A616-CF09B0CDE0FE}.Release|x64.ActiveCfg = Release|x64
		{01FA0381-CE04-4715-A616-CF09B0CDE0FE}.Release|x64.Build.0 = Release|x64
		{01FA0381-CE04-4715-A616-CF09B0CDE0FE}.Release|x86.ActiveCfg = Release|Win32
		{01FA0381-CE04-4715-A616-CF09B0CDE0FE}.Release|x86.Build.0 = Release|Win32
	EndGlobalSection
	GlobalSection(SolutionProperties) = preSolution
		HideSolutionNode = FALSE
	EndGlobalSection
	GlobalSection(NestedProjects) = preSolution
		{CE16CB4A-5255-475E-81FA-DD391CDFDE34} = {754AEE1D-3438-4679-891C-C1A71CDA4D37}
		{AF4E4500-0F1F-442B-A237-B89CD6DB7198} = {BE818D27-CB4D-4178-A89E-0E44BE0BF093}
		{2F5799E0-31E8-4A7C-B830-F297F78CCE91} = {78C66649-8253-4D1B-8142-2C3697EC7210}
		{B04A1EAA-69D5-4984-9EAD-BE7AF13AF100} = {3C8CD669-2399-4C05-8FE5-7282C94B541F}
		{01FA0381-CE04-4715-A616-CF09B0CDE0FE} = {67ED34AE-1A6B-4F3F-8D10-61C5A0EDE7FA}
	EndGlobalSection
	GlobalSection(ExtensibilityGlobals) = postSolution
		SolutionGuid = {1C4B9906-C165-4F30-853B-01BA4486F3F7}
	EndGlobalSection
EndGlobal
